
Microsoft Visual Studio Solution File, Format Version 11.00
# Visual Studio 2010
Project("{FAE04EC0-301F-11D3-BF4B-00C04F79EFBC}") = "NLog", "NLog\NLog.csproj", "{B3398605-77E5-4532-8C8F-C90643E6BB7E}"
EndProject
Project("{FAE04EC0-301F-11D3-BF4B-00C04F79EFBC}") = "Tests", "Tests\Tests.csproj", "{67D8E04D-A671-417C-B4E5-1A2116D923AD}"
EndProject
Project("{FAE04EC0-301F-11D3-BF4B-00C04F79EFBC}") = "Example", "Example\Example.csproj", "{CF28C2A2-7C97-4146-B37C-71549DFB9B86}"
EndProject
Global
	GlobalSection(SolutionConfigurationPlatforms) = preSolution
		Debug|Any CPU = Debug|Any CPU
		Release|Any CPU = Release|Any CPU
		Debug|x86 = Debug|x86
		Release|x86 = Release|x86
	EndGlobalSection
	GlobalSection(ProjectConfigurationPlatforms) = postSolution
		{67D8E04D-A671-417C-B4E5-1A2116D923AD}.Debug|Any CPU.ActiveCfg = Debug|Any CPU
		{67D8E04D-A671-417C-B4E5-1A2116D923AD}.Debug|Any CPU.Build.0 = Debug|Any CPU
		{67D8E04D-A671-417C-B4E5-1A2116D923AD}.Debug|x86.ActiveCfg = Debug|Any CPU
		{67D8E04D-A671-417C-B4E5-1A2116D923AD}.Debug|x86.Build.0 = Debug|Any CPU
		{67D8E04D-A671-417C-B4E5-1A2116D923AD}.Release|Any CPU.ActiveCfg = Release|Any CPU
		{67D8E04D-A671-417C-B4E5-1A2116D923AD}.Release|Any CPU.Build.0 = Release|Any CPU
		{67D8E04D-A671-417C-B4E5-1A2116D923AD}.Release|x86.ActiveCfg = Release|Any CPU
		{67D8E04D-A671-417C-B4E5-1A2116D923AD}.Release|x86.Build.0 = Release|Any CPU
		{B3398605-77E5-4532-8C8F-C90643E6BB7E}.Debug|Any CPU.ActiveCfg = Debug|Any CPU
		{B3398605-77E5-4532-8C8F-C90643E6BB7E}.Debug|Any CPU.Build.0 = Debug|Any CPU
		{B3398605-77E5-4532-8C8F-C90643E6BB7E}.Debug|x86.ActiveCfg = Debug|Any CPU
		{B3398605-77E5-4532-8C8F-C90643E6BB7E}.Debug|x86.Build.0 = Debug|Any CPU
		{B3398605-77E5-4532-8C8F-C90643E6BB7E}.Release|Any CPU.ActiveCfg = Release|Any CPU
		{B3398605-77E5-4532-8C8F-C90643E6BB7E}.Release|Any CPU.Build.0 = Release|Any CPU
		{B3398605-77E5-4532-8C8F-C90643E6BB7E}.Release|x86.ActiveCfg = Release|Any CPU
		{B3398605-77E5-4532-8C8F-C90643E6BB7E}.Release|x86.Build.0 = Release|Any CPU
		{CF28C2A2-7C97-4146-B37C-71549DFB9B86}.Debug|Any CPU.ActiveCfg = Debug|Any CPU
		{CF28C2A2-7C97-4146-B37C-71549DFB9B86}.Debug|Any CPU.Build.0 = Debug|Any CPU
		{CF28C2A2-7C97-4146-B37C-71549DFB9B86}.Debug|x86.ActiveCfg = Debug|Any CPU
		{CF28C2A2-7C97-4146-B37C-71549DFB9B86}.Debug|x86.Build.0 = Debug|Any CPU
		{CF28C2A2-7C97-4146-B37C-71549DFB9B86}.Release|Any CPU.ActiveCfg = Release|Any CPU
		{CF28C2A2-7C97-4146-B37C-71549DFB9B86}.Release|Any CPU.Build.0 = Release|Any CPU
		{CF28C2A2-7C97-4146-B37C-71549DFB9B86}.Release|x86.ActiveCfg = Release|Any CPU
		{CF28C2A2-7C97-4146-B37C-71549DFB9B86}.Release|x86.Build.0 = Release|Any CPU
	EndGlobalSection
	GlobalSection(MonoDevelopProperties) = preSolution
		StartupItem = Example\Example.csproj
		Policies = $0
		$0.DotNetNamingPolicy = $1
		$1.DirectoryNamespaceAssociation = None
		$1.ResourceNamePolicy = FileFormatDefault
		$0.TextStylePolicy = $2
		$2.inheritsSet = VisualStudio
		$2.inheritsScope = text/plain
		$2.scope = text/x-csharp
		$0.CSharpFormattingPolicy = $3
		$3.IndentSwitchBody = True
		$3.NamespaceBraceStyle = EndOfLine
		$3.ClassBraceStyle = EndOfLine
		$3.InterfaceBraceStyle = EndOfLine
		$3.StructBraceStyle = EndOfLine
		$3.EnumBraceStyle = EndOfLine
		$3.MethodBraceStyle = EndOfLine
		$3.ConstructorBraceStyle = EndOfLine
		$3.DestructorBraceStyle = EndOfLine
		$3.BeforeMethodDeclarationParentheses = False
		$3.BeforeMethodCallParentheses = False
		$3.BeforeConstructorDeclarationParentheses = False
		$3.BeforeIndexerDeclarationBracket = False
		$3.BeforeDelegateDeclarationParentheses = False
		$3.NewParentheses = False
		$3.SpacesBeforeBrackets = False
		$3.AlignToFirstIndexerDeclarationParameter = False
		$3.inheritsSet = Mono
		$3.inheritsScope = text/x-csharp
		$3.scope = text/x-csharp
		$0.TextStylePolicy = $4
		$4.inheritsSet = VisualStudio
		$4.inheritsScope = text/plain
		$4.scope = text/plain
		$0.StandardHeader = $5
		$5.Text = 
		$5.IncludeInNewFiles = True
		$0.NameConventionPolicy = $6
		$6.Rules = $7
		$7.NamingRule = $8
		$8.Name = Namespaces
		$8.AffectedEntity = Namespace
		$8.VisibilityMask = VisibilityMask
		$8.NamingStyle = PascalCase
		$8.IncludeInstanceMembers = True
		$8.IncludeStaticEntities = True
		$7.NamingRule = $9
		$9.Name = Types
		$9.AffectedEntity = Class, Struct, Enum, Delegate
		$9.VisibilityMask = VisibilityMask
		$9.NamingStyle = PascalCase
		$9.IncludeInstanceMembers = True
		$9.IncludeStaticEntities = True
		$7.NamingRule = $10
		$10.Name = Interfaces
		$10.RequiredPrefixes = $11
		$11.String = I
		$10.AffectedEntity = Interface
		$10.VisibilityMask = VisibilityMask
		$10.NamingStyle = PascalCase
		$10.IncludeInstanceMembers = True
		$10.IncludeStaticEntities = True
		$7.NamingRule = $12
		$12.Name = Attributes
		$12.RequiredSuffixes = $13
		$13.String = Attribute
		$12.AffectedEntity = CustomAttributes
		$12.VisibilityMask = VisibilityMask
		$12.NamingStyle = PascalCase
		$12.IncludeInstanceMembers = True
		$12.IncludeStaticEntities = True
		$7.NamingRule = $14
		$14.Name = Event Arguments
		$14.RequiredSuffixes = $15
		$15.String = EventArgs
		$14.AffectedEntity = CustomEventArgs
		$14.VisibilityMask = VisibilityMask
		$14.NamingStyle = PascalCase
		$14.IncludeInstanceMembers = True
		$14.IncludeStaticEntities = True
		$7.NamingRule = $16
		$16.Name = Exceptions
		$16.RequiredSuffixes = $17
		$17.String = Exception
		$16.AffectedEntity = CustomExceptions
		$16.VisibilityMask = VisibilityMask
		$16.NamingStyle = PascalCase
		$16.IncludeInstanceMembers = True
		$16.IncludeStaticEntities = True
		$7.NamingRule = $18
		$18.Name = Methods
		$18.AffectedEntity = Methods
		$18.VisibilityMask = Internal, Protected, Public
		$18.NamingStyle = PascalCase
		$18.IncludeInstanceMembers = True
		$18.IncludeStaticEntities = True
		$7.NamingRule = $19
		$19.Name = Static Readonly Fields
		$19.AffectedEntity = ReadonlyField
		$19.VisibilityMask = Internal, Protected, Public
		$19.NamingStyle = PascalCase
		$19.IncludeInstanceMembers = False
		$19.IncludeStaticEntities = True
		$7.NamingRule = $20
		$20.Name = Fields (Non Private)
		$20.AffectedEntity = Field
		$20.VisibilityMask = Internal, Public
		$20.NamingStyle = CamelCase
		$20.IncludeInstanceMembers = True
		$20.IncludeStaticEntities = True
		$7.NamingRule = $21
		$21.Name = ReadOnly Fields (Non Private)
		$21.AffectedEntity = ReadonlyField
		$21.VisibilityMask = Internal, Protected, Public
		$21.NamingStyle = PascalCase
		$21.IncludeInstanceMembers = True
		$21.IncludeStaticEntities = False
		$7.NamingRule = $22
		$22.Name = Fields (Private)
		$22.RequiredPrefixes = $23
		$23.String = _
		$22.AllowedPrefixes = $24
		$24.String = m_
		$22.AffectedEntity = Field, ReadonlyField
		$22.VisibilityMask = Private, Protected
		$22.NamingStyle = CamelCase
		$22.IncludeInstanceMembers = True
		$22.IncludeStaticEntities = False
		$7.NamingRule = $25
		$25.Name = Static Fields (Private)
		$25.RequiredPrefixes = $26
		$26.String = _
		$25.AffectedEntity = Field
		$25.VisibilityMask = Private
		$25.NamingStyle = CamelCase
		$25.IncludeInstanceMembers = False
		$25.IncludeStaticEntities = True
		$7.NamingRule = $27
		$27.Name = ReadOnly Fields (Private)
		$27.AllowedPrefixes = $28
		$28.String = _
		$28.String = m_
		$27.AffectedEntity = ReadonlyField
		$27.VisibilityMask = Private
		$27.NamingStyle = CamelCase
		$27.IncludeInstanceMembers = True
		$27.IncludeStaticEntities = False
		$7.NamingRule = $29
		$29.Name = Constant Fields
		$29.AffectedEntity = ConstantField
		$29.VisibilityMask = VisibilityMask
		$29.NamingStyle = PascalCase
		$29.IncludeInstanceMembers = True
		$29.IncludeStaticEntities = True
		$7.NamingRule = $30
		$30.Name = Properties
		$30.AffectedEntity = Property
		$30.VisibilityMask = VisibilityMask
		$30.NamingStyle = PascalCase
		$30.IncludeInstanceMembers = True
		$30.IncludeStaticEntities = True
		$7.NamingRule = $31
		$31.Name = Events
		$31.AffectedEntity = Event
		$31.VisibilityMask = VisibilityMask
		$31.NamingStyle = PascalCase
		$31.IncludeInstanceMembers = True
		$31.IncludeStaticEntities = True
		$7.NamingRule = $32
		$32.Name = Enum Members
		$32.AffectedEntity = EnumMember
		$32.VisibilityMask = VisibilityMask
		$32.NamingStyle = PascalCase
		$32.IncludeInstanceMembers = True
		$32.IncludeStaticEntities = True
		$7.NamingRule = $33
		$33.Name = Parameters
		$33.AffectedEntity = Parameter
		$33.VisibilityMask = VisibilityMask
		$33.NamingStyle = CamelCase
		$33.IncludeInstanceMembers = True
		$33.IncludeStaticEntities = True
		$7.NamingRule = $34
		$34.Name = Type Parameters
		$34.RequiredPrefixes = $35
		$35.String = T
		$34.AffectedEntity = TypeParameter
		$34.VisibilityMask = VisibilityMask
		$34.NamingStyle = PascalCase
		$34.IncludeInstanceMembers = True
		$34.IncludeStaticEntities = True
		$7.NamingRule = $36
		$36.Name = Methods (Private)
		$36.AffectedEntity = Method
		$36.VisibilityMask = Private
		$36.NamingStyle = CamelCase
		$36.IncludeInstanceMembers = True
		$36.IncludeStaticEntities = True
		$7.NamingRule = $37
		$37.Name = Local variables
		$37.AffectedEntity = LocalVariable, LocalConstant
		$37.VisibilityMask = None
		$37.NamingStyle = CamelCase
		$37.IncludeInstanceMembers = True
		$37.IncludeStaticEntities = True
	EndGlobalSection
EndGlobal
